
Microsoft Visual Studio Solution File, Format Version 12.00
# Visual Studio 15
VisualStudioVersion = 15.0.28307.852
MinimumVisualStudioVersion = 10.0.40219.1
Project("{FAE04EC0-301F-11D3-BF4B-00C04F79EFBC}") = "Train Railway", "Train Railway\Train Railway.csproj", "{42126FCD-97E6-42D7-BF85-00C3FB90D059}"
EndProject
Global
	GlobalSection(SolutionConfigurationPlatforms) = preSolution
		Debug|Any CPU = Debug|Any CPU
		Release|Any CPU = Release|Any CPU
	EndGlobalSection
	GlobalSection(ProjectConfigurationPlatforms) = postSolution
		{42126FCD-97E6-42D7-BF85-00C3FB90D059}.Debug|Any CPU.ActiveCfg = Debug|Any CPU
		{42126FCD-97E6-42D7-BF85-00C3FB90D059}.Debug|Any CPU.Build.0 = Debug|Any CPU
		{42126FCD-97E6-42D7-BF85-00C3FB90D059}.Release|Any CPU.ActiveCfg = Release|Any CPU
		{42126FCD-97E6-42D7-BF85-00C3FB90D059}.Release|Any CPU.Build.0 = Release|Any CPU
	EndGlobalSection
	GlobalSection(SolutionProperties) = preSolution
		HideSolutionNode = FALSE
	EndGlobalSection
	GlobalSection(ExtensibilityGlobals) = postSolution
		SolutionGuid = {4BAAA234-E2CE-4772-BB82-882D1127E89F}
	EndGlobalSection
EndGlobal
